
Microsoft Visual Studio Solution File, Format Version 12.00
# Visual Studio 15
VisualStudioVersion = 15.0.27428.2015
MinimumVisualStudioVersion = 10.0.40219.1
Project("{FAE04EC0-301F-11D3-BF4B-00C04F79EFBC}") = "DotNetAPISandBox.Service", "DotNetAPISandBox\DotNetAPISandBox.Service.csproj", "{B4F64299-63CE-49E5-813E-401A30FE47C4}"
EndProject
Project("{FAE04EC0-301F-11D3-BF4B-00C04F79EFBC}") = "DotNetAPISandBox.Data", "DotNetAPISandBox.Data\DotNetAPISandBox.Data.csproj", "{B970B05D-9835-4299-A6A3-FCB70AD0C96D}"
EndProject
Project("{FAE04EC0-301F-11D3-BF4B-00C04F79EFBC}") = "DotNetAPISandBox.Domain", "DotNetAPISandBox.Domain\DotNetAPISandBox.Domain.csproj", "{2C23C079-6303-4F33-885A-4349AE2CB465}"
EndProject
Project("{FAE04EC0-301F-11D3-BF4B-00C04F79EFBC}") = "DotNetAPISandBox.Engine", "DotNetAPISandBox.Engine\DotNetAPISandBox.Engine.csproj", "{A97F1C26-1393-48E4-9E64-169574D4EAA1}"
EndProject
Global
	GlobalSection(SolutionConfigurationPlatforms) = preSolution
		Debug|Any CPU = Debug|Any CPU
		Release|Any CPU = Release|Any CPU
	EndGlobalSection
	GlobalSection(ProjectConfigurationPlatforms) = postSolution
		{B4F64299-63CE-49E5-813E-401A30FE47C4}.Debug|Any CPU.ActiveCfg = Debug|Any CPU
		{B4F64299-63CE-49E5-813E-401A30FE47C4}.Debug|Any CPU.Build.0 = Debug|Any CPU
		{B4F64299-63CE-49E5-813E-401A30FE47C4}.Release|Any CPU.ActiveCfg = Release|Any CPU
		{B4F64299-63CE-49E5-813E-401A30FE47C4}.Release|Any CPU.Build.0 = Release|Any CPU
		{B970B05D-9835-4299-A6A3-FCB70AD0C96D}.Debug|Any CPU.ActiveCfg = Debug|Any CPU
		{B970B05D-9835-4299-A6A3-FCB70AD0C96D}.Debug|Any CPU.Build.0 = Debug|Any CPU
		{B970B05D-9835-4299-A6A3-FCB70AD0C96D}.Release|Any CPU.ActiveCfg = Release|Any CPU
		{B970B05D-9835-4299-A6A3-FCB70AD0C96D}.Release|Any CPU.Build.0 = Release|Any CPU
		{2C23C079-6303-4F33-885A-4349AE2CB465}.Debug|Any CPU.ActiveCfg = Debug|Any CPU
		{2C23C079-6303-4F33-885A-4349AE2CB465}.Debug|Any CPU.Build.0 = Debug|Any CPU
		{2C23C079-6303-4F33-885A-4349AE2CB465}.Release|Any CPU.ActiveCfg = Release|Any CPU
		{2C23C079-6303-4F33-885A-4349AE2CB465}.Release|Any CPU.Build.0 = Release|Any CPU
		{A97F1C26-1393-48E4-9E64-169574D4EAA1}.Debug|Any CPU.ActiveCfg = Debug|Any CPU
		{A97F1C26-1393-48E4-9E64-169574D4EAA1}.Debug|Any CPU.Build.0 = Debug|Any CPU
		{A97F1C26-1393-48E4-9E64-169574D4EAA1}.Release|Any CPU.ActiveCfg = Release|Any CPU
		{A97F1C26-1393-48E4-9E64-169574D4EAA1}.Release|Any CPU.Build.0 = Release|Any CPU
	EndGlobalSection
	GlobalSection(SolutionProperties) = preSolution
		HideSolutionNode = FALSE
	EndGlobalSection
	GlobalSection(ExtensibilityGlobals) = postSolution
		SolutionGuid = {2ECBB6EF-95F0-4D7F-9D72-0B220C8AFFD1}
	EndGlobalSection
EndGlobal
